
Microsoft Visual Studio Solution File, Format Version 12.00
# Visual Studio Version 16
VisualStudioVersion = 16.0.31129.286
MinimumVisualStudioVersion = 10.0.40219.1
Project("{FAE04EC0-301F-11D3-BF4B-00C04F79EFBC}") = "netcore-mvc", "netcore-mvc\netcore-mvc.csproj", "{9FE3F6DA-52F4-47CC-9006-497A2FD884EC}"
EndProject
Global
	GlobalSection(SolutionConfigurationPlatforms) = preSolution
		Debug|Any CPU = Debug|Any CPU
		Release|Any CPU = Release|Any CPU
	EndGlobalSection
	GlobalSection(ProjectConfigurationPlatforms) = postSolution
		{9FE3F6DA-52F4-47CC-9006-497A2FD884EC}.Debug|Any CPU.ActiveCfg = Debug|Any CPU
		{9FE3F6DA-52F4-47CC-9006-497A2FD884EC}.Debug|Any CPU.Build.0 = Debug|Any CPU
		{9FE3F6DA-52F4-47CC-9006-497A2FD884EC}.Release|Any CPU.ActiveCfg = Release|Any CPU
		{9FE3F6DA-52F4-47CC-9006-497A2FD884EC}.Release|Any CPU.Build.0 = Release|Any CPU
	EndGlobalSection
	GlobalSection(SolutionProperties) = preSolution
		HideSolutionNode = FALSE
	EndGlobalSection
	GlobalSection(ExtensibilityGlobals) = postSolution
		SolutionGuid = {925E76CD-7DF0-452A-BF7C-C8909664BE08}
	EndGlobalSection
EndGlobal
